Microsoft Visual Studio Solution File, Format Version 12.00
# Visual Studio 14
Project("{8BC9CEB8-8B4A-11D0-8D11-00A0C91BC942}") = "ALL_BUILD", "ALL_BUILD.vcxproj", "{D090BC9C-BB2F-30C5-8CB1-17F0D70FC840}"
	ProjectSection(ProjectDependencies) = postProject
		{C74281C0-9038-39E7-8F14-456DD42B5EB2} = {C74281C0-9038-39E7-8F14-456DD42B5EB2}
		{CE2EBBAB-536D-351A-8C65-151F8EE55436} = {CE2EBBAB-536D-351A-8C65-151F8EE55436}
	EndProjectSection
EndProject
Project("{8BC9CEB8-8B4A-11D0-8D11-00A0C91BC942}") = "Sentinel", "Sentinel.vcxproj", "{C74281C0-9038-39E7-8F14-456DD42B5EB2}"
	ProjectSection(ProjectDependencies) = postProject
		{CE2EBBAB-536D-351A-8C65-151F8EE55436} = {CE2EBBAB-536D-351A-8C65-151F8EE55436}
	EndProjectSection
EndProject
Project("{8BC9CEB8-8B4A-11D0-8D11-00A0C91BC942}") = "ZERO_CHECK", "ZERO_CHECK.vcxproj", "{CE2EBBAB-536D-351A-8C65-151F8EE55436}"
	ProjectSection(ProjectDependencies) = postProject
	EndProjectSection
EndProject
Global
	GlobalSection(SolutionConfigurationPlatforms) = preSolution
		Debug|x64 = Debug|x64
		Release|x64 = Release|x64
		MinSizeRel|x64 = MinSizeRel|x64
		RelWithDebInfo|x64 = RelWithDebInfo|x64
	EndGlobalSection
	GlobalSection(ProjectConfigurationPlatforms) = postSolution
		{D090BC9C-BB2F-30C5-8CB1-17F0D70FC840}.Debug|x64.ActiveCfg = Debug|x64
		{D090BC9C-BB2F-30C5-8CB1-17F0D70FC840}.Release|x64.ActiveCfg = Release|x64
		{D090BC9C-BB2F-30C5-8CB1-17F0D70FC840}.MinSizeRel|x64.ActiveCfg = MinSizeRel|x64
		{D090BC9C-BB2F-30C5-8CB1-17F0D70FC840}.RelWithDebInfo|x64.ActiveCfg = RelWithDebInfo|x64
		{C74281C0-9038-39E7-8F14-456DD42B5EB2}.Debug|x64.ActiveCfg = Debug|x64
		{C74281C0-9038-39E7-8F14-456DD42B5EB2}.Debug|x64.Build.0 = Debug|x64
		{C74281C0-9038-39E7-8F14-456DD42B5EB2}.Release|x64.ActiveCfg = Release|x64
		{C74281C0-9038-39E7-8F14-456DD42B5EB2}.Release|x64.Build.0 = Release|x64
		{C74281C0-9038-39E7-8F14-456DD42B5EB2}.MinSizeRel|x64.ActiveCfg = MinSizeRel|x64
		{C74281C0-9038-39E7-8F14-456DD42B5EB2}.MinSizeRel|x64.Build.0 = MinSizeRel|x64
		{C74281C0-9038-39E7-8F14-456DD42B5EB2}.RelWithDebInfo|x64.ActiveCfg = RelWithDebInfo|x64
		{C74281C0-9038-39E7-8F14-456DD42B5EB2}.RelWithDebInfo|x64.Build.0 = RelWithDebInfo|x64
		{CE2EBBAB-536D-351A-8C65-151F8EE55436}.Debug|x64.ActiveCfg = Debug|x64
		{CE2EBBAB-536D-351A-8C65-151F8EE55436}.Debug|x64.Build.0 = Debug|x64
		{CE2EBBAB-536D-351A-8C65-151F8EE55436}.Release|x64.ActiveCfg = Release|x64
		{CE2EBBAB-536D-351A-8C65-151F8EE55436}.Release|x64.Build.0 = Release|x64
		{CE2EBBAB-536D-351A-8C65-151F8EE55436}.MinSizeRel|x64.ActiveCfg = MinSizeRel|x64
		{CE2EBBAB-536D-351A-8C65-151F8EE55436}.MinSizeRel|x64.Build.0 = MinSizeRel|x64
		{CE2EBBAB-536D-351A-8C65-151F8EE55436}.RelWithDebInfo|x64.ActiveCfg = RelWithDebInfo|x64
		{CE2EBBAB-536D-351A-8C65-151F8EE55436}.RelWithDebInfo|x64.Build.0 = RelWithDebInfo|x64
	EndGlobalSection
	GlobalSection(ExtensibilityGlobals) = postSolution
		SolutionGuid = {F2D276AD-303E-30BF-8580-2FA298C77DFC}
	EndGlobalSection
	GlobalSection(ExtensibilityAddIns) = postSolution
	EndGlobalSection
EndGlobal
