<?xml version="1.0" encoding="utf-8"?>
<Project ToolsVersion="14.0" xmlns="http://schemas.microsoft.com/developer/msbuild/2003">
  <ItemGroup>
    <CustomBuild Include="C:\Jopa\HOME\Projekty\sentinel\build_pokaz\CMakeFiles\b552b112e23428607e4433e60f87624c\generate.stamp.rule">
      <Filter>CMake Rules</Filter>
    </CustomBuild>
  </ItemGroup>
  <ItemGroup>
    <Filter Include="CMake Rules">
      <UniqueIdentifier>{77C51E71-BD5E-3B0A-9F6F-88A6248B7296}</UniqueIdentifier>
    </Filter>
  </ItemGroup>
</Project>
